Microsoft Visual Studio Solution File, Format Version 12.00
# Visual Studio 2012
Project("{FAE04EC0-301F-11D3-BF4B-00C04F79EFBC}") = "thesis", "thesis.csproj", "{A479ED7F-62D1-4ED9-98B2-4190682ABCEB}"
EndProject
Global
	GlobalSection(SolutionConfigurationPlatforms) = preSolution
	Debug|Any CPU = Debug|Any CPU
	ExportDebug|Any CPU = ExportDebug|Any CPU
	ExportRelease|Any CPU = ExportRelease|Any CPU
	EndGlobalSection
	GlobalSection(ProjectConfigurationPlatforms) = postSolution
		{A479ED7F-62D1-4ED9-98B2-4190682ABCEB}.Debug|Any CPU.ActiveCfg = Debug|Any CPU
		{A479ED7F-62D1-4ED9-98B2-4190682ABCEB}.Debug|Any CPU.Build.0 = Debug|Any CPU
		{A479ED7F-62D1-4ED9-98B2-4190682ABCEB}.ExportDebug|Any CPU.ActiveCfg = ExportDebug|Any CPU
		{A479ED7F-62D1-4ED9-98B2-4190682ABCEB}.ExportDebug|Any CPU.Build.0 = ExportDebug|Any CPU
		{A479ED7F-62D1-4ED9-98B2-4190682ABCEB}.ExportRelease|Any CPU.ActiveCfg = ExportRelease|Any CPU
		{A479ED7F-62D1-4ED9-98B2-4190682ABCEB}.ExportRelease|Any CPU.Build.0 = ExportRelease|Any CPU
	EndGlobalSection
EndGlobal
